<?xml version="1.0" encoding="utf-8"?>
<Project ToolsVersion="4.0" xmlns="http://schemas.microsoft.com/developer/msbuild/2003">
  <ItemGroup>
    <ClCompile Include="Lib\CameraArcball.cpp" />
    <ClCompile Include="Lib\Draw.cpp" />
    <ClCompile Include="Lib\glad.c" />
    <ClCompile Include="Lib\GLXtras.cpp" />
    <ClCompile Include="Lib\Mesh.cpp" />
    <ClCompile Include="Lib\Misc.cpp" />
    <ClCompile Include="Lib\Quaternion.cpp" />
    <ClCompile Include="Lib\Widgets.cpp" />
    <ClCompile Include="Lib\imgui.cpp">
      <Filter>imgui</Filter>
    </ClCompile>
    <ClCompile Include="Lib\imgui_demo.cpp">
      <Filter>imgui</Filter>
    </ClCompile>
    <ClCompile Include="Lib\imgui_draw.cpp">
      <Filter>imgui</Filter>
    </ClCompile>
    <ClCompile Include="Lib\imgui_impl_glfw.cpp">
      <Filter>imgui</Filter>
    </ClCompile>
    <ClCompile Include="Lib\imgui_impl_opengl3.cpp">
      <Filter>imgui</Filter>
    </ClCompile>
    <ClCompile Include="Lib\imgui_widgets.cpp">
      <Filter>imgui</Filter>
    </ClCompile>
    <ClCompile Include="Include\GL\gl3w.c">
      <Filter>gl3w</Filter>
    </ClCompile>
    <ClCompile Include="15-Solution-MultiMeshCopy-ImGui.cpp" />
  </ItemGroup>
  <ItemGroup>
    <Filter Include="imgui">
      <UniqueIdentifier>{d440df47-04c2-4c1a-91e2-ea2da4855eee}</UniqueIdentifier>
    </Filter>
    <Filter Include="gl3w">
      <UniqueIdentifier>{0fbed834-4414-42b6-9b67-91305f6eca8a}</UniqueIdentifier>
    </Filter>
  </ItemGroup>
  <ItemGroup>
    <ClInclude Include="Include\imconfig.h">
      <Filter>imgui</Filter>
    </ClInclude>
    <ClInclude Include="Include\imgui.h">
      <Filter>imgui</Filter>
    </ClInclude>
    <ClInclude Include="Include\imgui_impl_glfw.h">
      <Filter>imgui</Filter>
    </ClInclude>
    <ClInclude Include="Include\imgui_impl_opengl3.h">
      <Filter>imgui</Filter>
    </ClInclude>
    <ClInclude Include="Include\imgui_internal.h">
      <Filter>imgui</Filter>
    </ClInclude>
    <ClInclude Include="Include\GLFW\glfw3.h">
      <Filter>gl3w</Filter>
    </ClInclude>
    <ClInclude Include="Include\GL\glcorearb.h">
      <Filter>gl3w</Filter>
    </ClInclude>
  </ItemGroup>
  <ItemGroup>
    <None Include="packages.config" />
  </ItemGroup>
</Project>